dependencies:
  espressif/usb:
    component_hash: 4f00ced5663505a368bafcb9bb6b2e4a5033cc5625b8f510755a75baadf4ff1d
    dependencies:
    - name: idf
      require: private
      version: '>=5.4'
    source:
      registry_url: https://components.espressif.com/
      type: service
    targets:
    - esp32s2
    - esp32s3
    - esp32s31
    - esp32p4
    - esp32h4
    - linux
    version: 1.4.0
  idf:
    source:
      type: idf
    version: 6.0.0
direct_dependencies:
- espressif/usb
manifest_hash: 35bfab7879051369d198ce6bd07755947a57ef6e3b45f56b3371d60d6ac349d1
target: esp32s3
version: 3.0.0
